# THIS IS AN AUTOGENERATED FILE. DO NOT EDIT THIS FILE DIRECTLY.
# yarn lockfile v1


is-stream@^1.0.1:
  version "1.1.0"
  resolved "https://registry.yarnpkg.com/is-stream/-/is-stream-1.1.0.tgz#12d4a3dd4e68e0b79ceb8dbc84173ae80d91ca44"
  integrity sha1-EtSj3U5o4Lec6428hBc66A2RykQ=

slang@>=0.2:
  version "0.3.0"
  resolved "https://registry.yarnpkg.com/slang/-/slang-0.3.0.tgz#13af75b4f0c018c6a8193d704f65b23be4fbabdc"
  integrity sha1-E691tPDAGMaoGT1wT2WyO+T7q9w=

wkhtmltopdf@^0.4.0:
  version "0.4.0"
  resolved "https://registry.yarnpkg.com/wkhtmltopdf/-/wkhtmltopdf-0.4.0.tgz#b5675b57c661a1a43b55d88e46fea7bb7ebdf608"
  integrity sha512-PXvsPehsmP1HeUDPx5qofitc+TJ0+Gb4Xn11iPJnHrLgXwyzRUzn9/b2t+soE+fwBMqUPs4Wchd0CRW+52MkNQ==
  dependencies:
    is-stream "^1.0.1"
    slang ">=0.2"
